
Microsoft Visual Studio Solution File, Format Version 12.00
# Visual Studio Version 17
VisualStudioVersion = 17.0.31903.59
MinimumVisualStudioVersion = 10.0.40219.1
Project("{FAE04EC0-301F-11D3-BF4B-00C04F79EFBC}") = "SportsStore", "SportsStore\SportsStore.csproj", "{872081AC-958F-4756-8C25-B218769B1A67}"
EndProject
Project("{FAE04EC0-301F-11D3-BF4B-00C04F79EFBC}") = "SportsStore.Tests", "SportsStore.Tests\SportsStore.Tests.csproj", "{9921137D-973E-4DD7-8FC7-C30D62A684F0}"
EndProject
Global
	GlobalSection(SolutionConfigurationPlatforms) = preSolution
		Debug|Any CPU = Debug|Any CPU
		Debug|x64 = Debug|x64
		Debug|x86 = Debug|x86
		Release|Any CPU = Release|Any CPU
		Release|x64 = Release|x64
		Release|x86 = Release|x86
	EndGlobalSection
	GlobalSection(ProjectConfigurationPlatforms) = postSolution
		{872081AC-958F-4756-8C25-B218769B1A67}.Debug|Any CPU.ActiveCfg = Debug|Any CPU
		{872081AC-958F-4756-8C25-B218769B1A67}.Debug|Any CPU.Build.0 = Debug|Any CPU
		{872081AC-958F-4756-8C25-B218769B1A67}.Debug|x64.ActiveCfg = Debug|Any CPU
		{872081AC-958F-4756-8C25-B218769B1A67}.Debug|x64.Build.0 = Debug|Any CPU
		{872081AC-958F-4756-8C25-B218769B1A67}.Debug|x86.ActiveCfg = Debug|Any CPU
		{872081AC-958F-4756-8C25-B218769B1A67}.Debug|x86.Build.0 = Debug|Any CPU
		{872081AC-958F-4756-8C25-B218769B1A67}.Release|Any CPU.ActiveCfg = Release|Any CPU
		{872081AC-958F-4756-8C25-B218769B1A67}.Release|Any CPU.Build.0 = Release|Any CPU
		{872081AC-958F-4756-8C25-B218769B1A67}.Release|x64.ActiveCfg = Release|Any CPU
		{872081AC-958F-4756-8C25-B218769B1A67}.Release|x64.Build.0 = Release|Any CPU
		{872081AC-958F-4756-8C25-B218769B1A67}.Release|x86.ActiveCfg = Release|Any CPU
		{872081AC-958F-4756-8C25-B218769B1A67}.Release|x86.Build.0 = Release|Any CPU
		{9921137D-973E-4DD7-8FC7-C30D62A684F0}.Debug|Any CPU.ActiveCfg = Debug|Any CPU
		{9921137D-973E-4DD7-8FC7-C30D62A684F0}.Debug|Any CPU.Build.0 = Debug|Any CPU
		{9921137D-973E-4DD7-8FC7-C30D62A684F0}.Debug|x64.ActiveCfg = Debug|Any CPU
		{9921137D-973E-4DD7-8FC7-C30D62A684F0}.Debug|x64.Build.0 = Debug|Any CPU
		{9921137D-973E-4DD7-8FC7-C30D62A684F0}.Debug|x86.ActiveCfg = Debug|Any CPU
		{9921137D-973E-4DD7-8FC7-C30D62A684F0}.Debug|x86.Build.0 = Debug|Any CPU
		{9921137D-973E-4DD7-8FC7-C30D62A684F0}.Release|Any CPU.ActiveCfg = Release|Any CPU
		{9921137D-973E-4DD7-8FC7-C30D62A684F0}.Release|Any CPU.Build.0 = Release|Any CPU
		{9921137D-973E-4DD7-8FC7-C30D62A684F0}.Release|x64.ActiveCfg = Release|Any CPU
		{9921137D-973E-4DD7-8FC7-C30D62A684F0}.Release|x64.Build.0 = Release|Any CPU
		{9921137D-973E-4DD7-8FC7-C30D62A684F0}.Release|x86.ActiveCfg = Release|Any CPU
		{9921137D-973E-4DD7-8FC7-C30D62A684F0}.Release|x86.Build.0 = Release|Any CPU
	EndGlobalSection
	GlobalSection(SolutionProperties) = preSolution
		HideSolutionNode = FALSE
	EndGlobalSection
EndGlobal
