
Microsoft Visual Studio Solution File, Format Version 12.00
# Visual Studio Version 17
VisualStudioVersion = 17.0.31903.59
MinimumVisualStudioVersion = 10.0.40219.1
Project("{FAE04EC0-301F-11D3-BF4B-00C04F79EFBC}") = "WebApp", "WebApp.csproj", "{0D5F6A05-8993-4330-987A-D9C8EA564BA7}"
EndProject
Global
	GlobalSection(SolutionConfigurationPlatforms) = preSolution
		Debug|Any CPU = Debug|Any CPU
		Debug|x64 = Debug|x64
		Debug|x86 = Debug|x86
		Release|Any CPU = Release|Any CPU
		Release|x64 = Release|x64
		Release|x86 = Release|x86
	EndGlobalSection
	GlobalSection(ProjectConfigurationPlatforms) = postSolution
		{0D5F6A05-8993-4330-987A-D9C8EA564BA7}.Debug|Any CPU.ActiveCfg = Debug|Any CPU
		{0D5F6A05-8993-4330-987A-D9C8EA564BA7}.Debug|Any CPU.Build.0 = Debug|Any CPU
		{0D5F6A05-8993-4330-987A-D9C8EA564BA7}.Debug|x64.ActiveCfg = Debug|Any CPU
		{0D5F6A05-8993-4330-987A-D9C8EA564BA7}.Debug|x64.Build.0 = Debug|Any CPU
		{0D5F6A05-8993-4330-987A-D9C8EA564BA7}.Debug|x86.ActiveCfg = Debug|Any CPU
		{0D5F6A05-8993-4330-987A-D9C8EA564BA7}.Debug|x86.Build.0 = Debug|Any CPU
		{0D5F6A05-8993-4330-987A-D9C8EA564BA7}.Release|Any CPU.ActiveCfg = Release|Any CPU
		{0D5F6A05-8993-4330-987A-D9C8EA564BA7}.Release|Any CPU.Build.0 = Release|Any CPU
		{0D5F6A05-8993-4330-987A-D9C8EA564BA7}.Release|x64.ActiveCfg = Release|Any CPU
		{0D5F6A05-8993-4330-987A-D9C8EA564BA7}.Release|x64.Build.0 = Release|Any CPU
		{0D5F6A05-8993-4330-987A-D9C8EA564BA7}.Release|x86.ActiveCfg = Release|Any CPU
		{0D5F6A05-8993-4330-987A-D9C8EA564BA7}.Release|x86.Build.0 = Release|Any CPU
	EndGlobalSection
	GlobalSection(SolutionProperties) = preSolution
		HideSolutionNode = FALSE
	EndGlobalSection
	GlobalSection(ExtensibilityGlobals) = postSolution
		SolutionGuid = {B106CB09-DE06-49DB-B646-B1B4AD5C936C}
	EndGlobalSection
EndGlobal
